# This file is generated by running "yarn install" inside your project.
# Manual changes might be lost - proceed with caution!

__metadata:
  version: 6
  cacheKey: 8

"@figma/plugin-typings@npm:^1.51.0":
  version: 1.51.0
  resolution: "@figma/plugin-typings@npm:1.51.0"
  checksum: 4cf9f368652d8f66b94207dac3109ac43a2afd44d59e58571f397feeca0d2da7300a1b3f77cbbecd69d00e53b75a74ece4684205442cc0807287591815a8b5ca
  languageName: node
  linkType: hard

"@figma/widget-typings@npm:^1.5.0":
  version: 1.5.0
  resolution: "@figma/widget-typings@npm:1.5.0"
  peerDependencies:
    "@figma/plugin-typings": 1.x
  checksum: 8b7b6031052350f6b41ca63278044bf713cfed370f4e3b82595d9de17954b5130737c248edca5c61f59b104dc71695782835cefb1e71df5996ff7f610faf470e
  languageName: node
  linkType: hard

"parabol-icebreakers@workspace:.":
  version: 0.0.0-use.local
  resolution: "parabol-icebreakers@workspace:."
  dependencies:
    "@figma/plugin-typings": ^1.51.0
    "@figma/widget-typings": ^1.5.0
    typescript: ^4.8.3
    typescript-bundle: ^1.0.18
  languageName: unknown
  linkType: soft

"typescript-bundle@npm:^1.0.18":
  version: 1.0.18
  resolution: "typescript-bundle@npm:1.0.18"
  bin:
    tsc-bundle: tsc-bundle
  checksum: fefb2acccc8059761a06034f1ec5026fb28da3ea88597060aef1cb03f0bb83d2d503381939a3d118ee2f67da9aa59a2432db7c6932b76d5dac74b257c4d8cab3
  languageName: node
  linkType: hard

"typescript@npm:^4.8.3":
  version: 4.8.3
  resolution: "typescript@npm:4.8.3"
  bin:
    tsc: bin/tsc
    tsserver: bin/tsserver
  checksum: 8286a5edcaf3d68e65c451aa1e7150ad1cf53ee0813c07ec35b7abdfdb10f355ecaa13c6a226a694ae7a67785fd7eeebf89f845da0b4f7e4a35561ddc459aba0
  languageName: node
  linkType: hard

"typescript@patch:typescript@^4.8.3#~builtin<compat/typescript>":
  version: 4.8.3
  resolution: "typescript@patch:typescript@npm%3A4.8.3#~builtin<compat/typescript>::version=4.8.3&hash=a1c5e5"
  bin:
    tsc: bin/tsc
    tsserver: bin/tsserver
  checksum: 2222d2382fb3146089b1d27ce2b55e9d1f99cc64118f1aba75809b693b856c5d3c324f052f60c75b577947fc538bc1c27bad0eb76cbdba9a63a253489504ba7e
  languageName: node
  linkType: hard
